
Microsoft Visual Studio Solution File, Format Version 12.00
# Visual Studio Version 16
VisualStudioVersion = 16.0.30804.86
MinimumVisualStudioVersion = 10.0.40219.1
Project("{FAE04EC0-301F-11D3-BF4B-00C04F79EFBC}") = "Hahn.ApplicationProcess.December2020.Web", "Hahn.ApplicationProcess.December2020.Web\Hahn.ApplicationProcess.December2020.Web.csproj", "{68C2FD58-D9AF-4866-A4E0-71A85F804B16}"
EndProject
Project("{FAE04EC0-301F-11D3-BF4B-00C04F79EFBC}") = "Hahn.ApplicationProcess.December2020.Data", "Hahn.ApplicationProcess.December2020.Data\Hahn.ApplicationProcess.December2020.Data.csproj", "{943E2AD1-DDBB-4294-A699-BC9C08084631}"
EndProject
Project("{FAE04EC0-301F-11D3-BF4B-00C04F79EFBC}") = "Hahn.ApplicationProcess.December2020.Domain", "Hahn.ApplicationProcess.December2020.Domain\Hahn.ApplicationProcess.December2020.Domain.csproj", "{5444801C-352E-4E9C-A973-DFFA0378E9F0}"
EndProject
Global
	GlobalSection(SolutionConfigurationPlatforms) = preSolution
		Debug|Any CPU = Debug|Any CPU
		Release|Any CPU = Release|Any CPU
	EndGlobalSection
	GlobalSection(ProjectConfigurationPlatforms) = postSolution
		{68C2FD58-D9AF-4866-A4E0-71A85F804B16}.Debug|Any CPU.ActiveCfg = Debug|Any CPU
		{68C2FD58-D9AF-4866-A4E0-71A85F804B16}.Debug|Any CPU.Build.0 = Debug|Any CPU
		{68C2FD58-D9AF-4866-A4E0-71A85F804B16}.Release|Any CPU.ActiveCfg = Release|Any CPU
		{68C2FD58-D9AF-4866-A4E0-71A85F804B16}.Release|Any CPU.Build.0 = Release|Any CPU
		{943E2AD1-DDBB-4294-A699-BC9C08084631}.Debug|Any CPU.ActiveCfg = Debug|Any CPU
		{943E2AD1-DDBB-4294-A699-BC9C08084631}.Debug|Any CPU.Build.0 = Debug|Any CPU
		{943E2AD1-DDBB-4294-A699-BC9C08084631}.Release|Any CPU.ActiveCfg = Release|Any CPU
		{943E2AD1-DDBB-4294-A699-BC9C08084631}.Release|Any CPU.Build.0 = Release|Any CPU
		{5444801C-352E-4E9C-A973-DFFA0378E9F0}.Debug|Any CPU.ActiveCfg = Debug|Any CPU
		{5444801C-352E-4E9C-A973-DFFA0378E9F0}.Debug|Any CPU.Build.0 = Debug|Any CPU
		{5444801C-352E-4E9C-A973-DFFA0378E9F0}.Release|Any CPU.ActiveCfg = Release|Any CPU
		{5444801C-352E-4E9C-A973-DFFA0378E9F0}.Release|Any CPU.Build.0 = Release|Any CPU
	EndGlobalSection
	GlobalSection(SolutionProperties) = preSolution
		HideSolutionNode = FALSE
	EndGlobalSection
	GlobalSection(ExtensibilityGlobals) = postSolution
		SolutionGuid = {E480DEDF-C9BE-4F5E-9805-A036D6753663}
	EndGlobalSection
EndGlobal
